
Microsoft Visual Studio Solution File, Format Version 12.00
# Visual Studio 15
VisualStudioVersion = 15.0.28307.1321
MinimumVisualStudioVersion = 10.0.40219.1
Project("{8BC9CEB8-8B4A-11D0-8D11-00A0C91BC942}") = "5052", "5052\5052.vcxproj", "{7DF7718C-B460-4BE0-A300-2DE970CCFA56}"
EndProject
Project("{8BC9CEB8-8B4A-11D0-8D11-00A0C91BC942}") = "10828", "10828\10828.vcxproj", "{8E4C686B-B47E-4FE8-A79B-FAFC7EBFA502}"
EndProject
Project("{8BC9CEB8-8B4A-11D0-8D11-00A0C91BC942}") = "9093", "9093\9093.vcxproj", "{0B2BF2E1-5D71-4D18-B1E7-135B575EE820}"
EndProject
Project("{8BC9CEB8-8B4A-11D0-8D11-00A0C91BC942}") = "9012", "9012\9012.vcxproj", "{11A37C3A-D956-4532-8973-C926F0EA40D7}"
EndProject
Project("{8BC9CEB8-8B4A-11D0-8D11-00A0C91BC942}") = "1874", "1874\1874.vcxproj", "{DA5F071D-6391-4E91-BFFB-FFCBD51CA358}"
EndProject
Project("{8BC9CEB8-8B4A-11D0-8D11-00A0C91BC942}") = "1406", "1406\1406.vcxproj", "{17D41E72-A9F8-4D42-BB66-BDCBBCD3028B}"
EndProject
Project("{8BC9CEB8-8B4A-11D0-8D11-00A0C91BC942}") = "10845", "10845\10845.vcxproj", "{9C0652F6-A8C6-4D8E-ABE9-AC1A16EE73EE}"
EndProject
Project("{8BC9CEB8-8B4A-11D0-8D11-00A0C91BC942}") = "1158", "1158\1158.vcxproj", "{5F4C57B0-6394-4AFA-A4AA-2BDF2488887E}"
EndProject
Project("{8BC9CEB8-8B4A-11D0-8D11-00A0C91BC942}") = "10866", "10866\10866.vcxproj", "{692858B9-A1E1-4CD0-B72B-56AF76C524E3}"
EndProject
Global
	GlobalSection(SolutionConfigurationPlatforms) = preSolution
		Debug|x64 = Debug|x64
		Debug|x86 = Debug|x86
		Release|x64 = Release|x64
		Release|x86 = Release|x86
	EndGlobalSection
	GlobalSection(ProjectConfigurationPlatforms) = postSolution
		{7DF7718C-B460-4BE0-A300-2DE970CCFA56}.Debug|x64.ActiveCfg = Debug|x64
		{7DF7718C-B460-4BE0-A300-2DE970CCFA56}.Debug|x64.Build.0 = Debug|x64
		{7DF7718C-B460-4BE0-A300-2DE970CCFA56}.Debug|x86.ActiveCfg = Debug|Win32
		{7DF7718C-B460-4BE0-A300-2DE970CCFA56}.Debug|x86.Build.0 = Debug|Win32
		{7DF7718C-B460-4BE0-A300-2DE970CCFA56}.Release|x64.ActiveCfg = Release|x64
		{7DF7718C-B460-4BE0-A300-2DE970CCFA56}.Release|x64.Build.0 = Release|x64
		{7DF7718C-B460-4BE0-A300-2DE970CCFA56}.Release|x86.ActiveCfg = Release|Win32
		{7DF7718C-B460-4BE0-A300-2DE970CCFA56}.Release|x86.Build.0 = Release|Win32
		{8E4C686B-B47E-4FE8-A79B-FAFC7EBFA502}.Debug|x64.ActiveCfg = Debug|x64
		{8E4C686B-B47E-4FE8-A79B-FAFC7EBFA502}.Debug|x64.Build.0 = Debug|x64
		{8E4C686B-B47E-4FE8-A79B-FAFC7EBFA502}.Debug|x86.ActiveCfg = Debug|Win32
		{8E4C686B-B47E-4FE8-A79B-FAFC7EBFA502}.Debug|x86.Build.0 = Debug|Win32
		{8E4C686B-B47E-4FE8-A79B-FAFC7EBFA502}.Release|x64.ActiveCfg = Release|x64
		{8E4C686B-B47E-4FE8-A79B-FAFC7EBFA502}.Release|x64.Build.0 = Release|x64
		{8E4C686B-B47E-4FE8-A79B-FAFC7EBFA502}.Release|x86.ActiveCfg = Release|Win32
		{8E4C686B-B47E-4FE8-A79B-FAFC7EBFA502}.Release|x86.Build.0 = Release|Win32
		{0B2BF2E1-5D71-4D18-B1E7-135B575EE820}.Debug|x64.ActiveCfg = Debug|x64
		{0B2BF2E1-5D71-4D18-B1E7-135B575EE820}.Debug|x64.Build.0 = Debug|x64
		{0B2BF2E1-5D71-4D18-B1E7-135B575EE820}.Debug|x86.ActiveCfg = Debug|Win32
		{0B2BF2E1-5D71-4D18-B1E7-135B575EE820}.Debug|x86.Build.0 = Debug|Win32
		{0B2BF2E1-5D71-4D18-B1E7-135B575EE820}.Release|x64.ActiveCfg = Release|x64
		{0B2BF2E1-5D71-4D18-B1E7-135B575EE820}.Release|x64.Build.0 = Release|x64
		{0B2BF2E1-5D71-4D18-B1E7-135B575EE820}.Release|x86.ActiveCfg = Release|Win32
		{0B2BF2E1-5D71-4D18-B1E7-135B575EE820}.Release|x86.Build.0 = Release|Win32
		{11A37C3A-D956-4532-8973-C926F0EA40D7}.Debug|x64.ActiveCfg = Debug|x64
		{11A37C3A-D956-4532-8973-C926F0EA40D7}.Debug|x64.Build.0 = Debug|x64
		{11A37C3A-D956-4532-8973-C926F0EA40D7}.Debug|x86.ActiveCfg = Debug|Win32
		{11A37C3A-D956-4532-8973-C926F0EA40D7}.Debug|x86.Build.0 = Debug|Win32
		{11A37C3A-D956-4532-8973-C926F0EA40D7}.Release|x64.ActiveCfg = Release|x64
		{11A37C3A-D956-4532-8973-C926F0EA40D7}.Release|x64.Build.0 = Release|x64
		{11A37C3A-D956-4532-8973-C926F0EA40D7}.Release|x86.ActiveCfg = Release|Win32
		{11A37C3A-D956-4532-8973-C926F0EA40D7}.Release|x86.Build.0 = Release|Win32
		{DA5F071D-6391-4E91-BFFB-FFCBD51CA358}.Debug|x64.ActiveCfg = Debug|x64
		{DA5F071D-6391-4E91-BFFB-FFCBD51CA358}.Debug|x64.Build.0 = Debug|x64
		{DA5F071D-6391-4E91-BFFB-FFCBD51CA358}.Debug|x86.ActiveCfg = Debug|Win32
		{DA5F071D-6391-4E91-BFFB-FFCBD51CA358}.Debug|x86.Build.0 = Debug|Win32
		{DA5F071D-6391-4E91-BFFB-FFCBD51CA358}.Release|x64.ActiveCfg = Release|x64
		{DA5F071D-6391-4E91-BFFB-FFCBD51CA358}.Release|x64.Build.0 = Release|x64
		{DA5F071D-6391-4E91-BFFB-FFCBD51CA358}.Release|x86.ActiveCfg = Release|Win32
		{DA5F071D-6391-4E91-BFFB-FFCBD51CA358}.Release|x86.Build.0 = Release|Win32
		{17D41E72-A9F8-4D42-BB66-BDCBBCD3028B}.Debug|x64.ActiveCfg = Debug|x64
		{17D41E72-A9F8-4D42-BB66-BDCBBCD3028B}.Debug|x64.Build.0 = Debug|x64
		{17D41E72-A9F8-4D42-BB66-BDCBBCD3028B}.Debug|x86.ActiveCfg = Debug|Win32
		{17D41E72-A9F8-4D42-BB66-BDCBBCD3028B}.Debug|x86.Build.0 = Debug|Win32
		{17D41E72-A9F8-4D42-BB66-BDCBBCD3028B}.Release|x64.ActiveCfg = Release|x64
		{17D41E72-A9F8-4D42-BB66-BDCBBCD3028B}.Release|x64.Build.0 = Release|x64
		{17D41E72-A9F8-4D42-BB66-BDCBBCD3028B}.Release|x86.ActiveCfg = Release|Win32
		{17D41E72-A9F8-4D42-BB66-BDCBBCD3028B}.Release|x86.Build.0 = Release|Win32
		{9C0652F6-A8C6-4D8E-ABE9-AC1A16EE73EE}.Debug|x64.ActiveCfg = Debug|x64
		{9C0652F6-A8C6-4D8E-ABE9-AC1A16EE73EE}.Debug|x64.Build.0 = Debug|x64
		{9C0652F6-A8C6-4D8E-ABE9-AC1A16EE73EE}.Debug|x86.ActiveCfg = Debug|Win32
		{9C0652F6-A8C6-4D8E-ABE9-AC1A16EE73EE}.Debug|x86.Build.0 = Debug|Win32
		{9C0652F6-A8C6-4D8E-ABE9-AC1A16EE73EE}.Release|x64.ActiveCfg = Release|x64
		{9C0652F6-A8C6-4D8E-ABE9-AC1A16EE73EE}.Release|x64.Build.0 = Release|x64
		{9C0652F6-A8C6-4D8E-ABE9-AC1A16EE73EE}.Release|x86.ActiveCfg = Release|Win32
		{9C0652F6-A8C6-4D8E-ABE9-AC1A16EE73EE}.Release|x86.Build.0 = Release|Win32
		{5F4C57B0-6394-4AFA-A4AA-2BDF2488887E}.Debug|x64.ActiveCfg = Debug|x64
		{5F4C57B0-6394-4AFA-A4AA-2BDF2488887E}.Debug|x64.Build.0 = Debug|x64
		{5F4C57B0-6394-4AFA-A4AA-2BDF2488887E}.Debug|x86.ActiveCfg = Debug|Win32
		{5F4C57B0-6394-4AFA-A4AA-2BDF2488887E}.Debug|x86.Build.0 = Debug|Win32
		{5F4C57B0-6394-4AFA-A4AA-2BDF2488887E}.Release|x64.ActiveCfg = Release|x64
		{5F4C57B0-6394-4AFA-A4AA-2BDF2488887E}.Release|x64.Build.0 = Release|x64
		{5F4C57B0-6394-4AFA-A4AA-2BDF2488887E}.Release|x86.ActiveCfg = Release|Win32
		{5F4C57B0-6394-4AFA-A4AA-2BDF2488887E}.Release|x86.Build.0 = Release|Win32
		{692858B9-A1E1-4CD0-B72B-56AF76C524E3}.Debug|x64.ActiveCfg = Debug|x64
		{692858B9-A1E1-4CD0-B72B-56AF76C524E3}.Debug|x64.Build.0 = Debug|x64
		{692858B9-A1E1-4CD0-B72B-56AF76C524E3}.Debug|x86.ActiveCfg = Debug|Win32
		{692858B9-A1E1-4CD0-B72B-56AF76C524E3}.Debug|x86.Build.0 = Debug|Win32
		{692858B9-A1E1-4CD0-B72B-56AF76C524E3}.Release|x64.ActiveCfg = Release|x64
		{692858B9-A1E1-4CD0-B72B-56AF76C524E3}.Release|x64.Build.0 = Release|x64
		{692858B9-A1E1-4CD0-B72B-56AF76C524E3}.Release|x86.ActiveCfg = Release|Win32
		{692858B9-A1E1-4CD0-B72B-56AF76C524E3}.Release|x86.Build.0 = Release|Win32
	EndGlobalSection
	GlobalSection(SolutionProperties) = preSolution
		HideSolutionNode = FALSE
	EndGlobalSection
	GlobalSection(ExtensibilityGlobals) = postSolution
		SolutionGuid = {AA86D596-584A-4B67-8386-DCAEC9DC96A8}
	EndGlobalSection
EndGlobal
